// !$*UTF8*$!
{
	archiveVersion = 1;
	classes = {
	};
	objectVersion = 51;
	objects = {

/* Begin PBXBuildFile section */
		2EE74F962625D27E430A3B53 /* Pods_RxMemo.framework in Frameworks */ = {isa = PBXBuildFile; fileRef = 5C8421C5DF239C3CCCF1278E /* Pods_RxMemo.framework */; };
		C713A6272740F87800387856 /* AppDelegate.swift in Sources */ = {isa = PBXBuildFile; fileRef = C713A6262740F87800387856 /* AppDelegate.swift */; };
		C713A6292740F87800387856 /* SceneDelegate.swift in Sources */ = {isa = PBXBuildFile; fileRef = C713A6282740F87800387856 /* SceneDelegate.swift */; };
		C713A62E2740F87800387856 /* Main.storyboard in Resources */ = {isa = PBXBuildFile; fileRef = C713A62C2740F87800387856 /* Main.storyboard */; };
		C713A6312740F87800387856 /* RxMemo.xcdatamodeld in Sources */ = {isa = PBXBuildFile; fileRef = C713A62F2740F87800387856 /* RxMemo.xcdatamodeld */; };
		C713A6332740F88100387856 /* Assets.xcassets in Resources */ = {isa = PBXBuildFile; fileRef = C713A6322740F88100387856 /* Assets.xcassets */; };
		C713A6362740F88100387856 /* LaunchScreen.storyboard in Resources */ = {isa = PBXBuildFile; fileRef = C713A6342740F88100387856 /* LaunchScreen.storyboard */; };
		C739B6C327411A0D00989D77 /* Memo.swift in Sources */ = {isa = PBXBuildFile; fileRef = C739B6C227411A0D00989D77 /* Memo.swift */; };
/* End PBXBuildFile section */

/* Begin PBXFileReference section */
		5C8421C5DF239C3CCCF1278E /* Pods_RxMemo.framework */ = {isa = PBXFileReference; explicitFileType = wrapper.framework; includeInIndex = 0; path = Pods_RxMemo.framework; sourceTree = BUILT_PRODUCTS_DIR; };
		6197A950EAD2A59127B5A114 /* Pods-RxMemo.debug.xcconfig */ = {isa = PBXFileReference; includeInIndex = 1; lastKnownFileType = text.xcconfig; name = "Pods-RxMemo.debug.xcconfig"; path = "Target Support Files/Pods-RxMemo/Pods-RxMemo.debug.xcconfig"; sourceTree = "<group>"; };
		C45B44FB06D9C91628CE7BE6 /* Pods-RxMemo.release.xcconfig */ = {isa = PBXFileReference; includeInIndex = 1; lastKnownFileType = text.xcconfig; name = "Pods-RxMemo.release.xcconfig"; path = "Target Support Files/Pods-RxMemo/Pods-RxMemo.release.xcconfig"; sourceTree = "<group>"; };
		C713A6232740F87800387856 /* RxMemo.app */ = {isa = PBXFileReference; explicitFileType = wrapper.application; includeInIndex = 0; path = RxMemo.app; sourceTree = BUILT_PRODUCTS_DIR; };
		C713A6262740F87800387856 /* AppDelegate.swift */ = {isa = PBXFileReference; lastKnownFileType = sourcecode.swift; path = AppDelegate.swift; sourceTree = "<group>"; };
		C713A6282740F87800387856 /* SceneDelegate.swift */ = {isa = PBXFileReference; lastKnownFileType = sourcecode.swift; path = SceneDelegate.swift; sourceTree = "<group>"; };
		C713A62D2740F87800387856 /* Base */ = {isa = PBXFileReference; lastKnownFileType = file.storyboard; name = Base; path = Base.lproj/Main.storyboard; sourceTree = "<group>"; };
		C713A6302740F87800387856 /* RxMemo.xcdatamodel */ = {isa = PBXFileReference; lastKnownFileType = wrapper.xcdatamodel; path = RxMemo.xcdatamodel; sourceTree = "<group>"; };
		C713A6322740F88100387856 /* Assets.xcassets */ = {isa = PBXFileReference; lastKnownFileType = folder.assetcatalog; path = Assets.xcassets; sourceTree = "<group>"; };
		C713A6352740F88100387856 /* Base */ = {isa = PBXFileReference; lastKnownFileType = file.storyboard; name = Base; path = Base.lproj/LaunchScreen.storyboard; sourceTree = "<group>"; };
		C713A6372740F88100387856 /* Info.plist */ = {isa = PBXFileReference; lastKnownFileType = text.plist.xml; path = Info.plist; sourceTree = "<group>"; };
		C739B6C227411A0D00989D77 /* Memo.swift */ = {isa = PBXFileReference; lastKnownFileType = sourcecode.swift; path = Memo.swift; sourceTree = "<group>"; };
/* End PBXFileReference section */

/* Begin PBXFrameworksBuildPhase section */
		C713A6202740F87800387856 /* Frameworks */ = {
			isa = PBXFrameworksBuildPhase;
			buildActionMask = 2147483647;
			files = (
				2EE74F962625D27E430A3B53 /* Pods_RxMemo.framework in Frameworks */,
			);
			runOnlyForDeploymentPostprocessing = 0;
		};
/* End PBXFrameworksBuildPhase section */

/* Begin PBXGroup section */
		06273CCBC6C29CE8C14FC965 /* Frameworks */ = {
			isa = PBXGroup;
			children = (
				5C8421C5DF239C3CCCF1278E /* Pods_RxMemo.framework */,
			);
			name = Frameworks;
			sourceTree = "<group>";
		};
		3BAD1E15B09C516A2B65BE0F /* Pods */ = {
			isa = PBXGroup;
			children = (
				6197A950EAD2A59127B5A114 /* Pods-RxMemo.debug.xcconfig */,
				C45B44FB06D9C91628CE7BE6 /* Pods-RxMemo.release.xcconfig */,
			);
			path = Pods;
			sourceTree = "<group>";
		};
		C713A61A2740F87800387856 = {
			isa = PBXGroup;
			children = (
				C713A6252740F87800387856 /* RxMemo */,
				C713A6242740F87800387856 /* Products */,
				3BAD1E15B09C516A2B65BE0F /* Pods */,
				06273CCBC6C29CE8C14FC965 /* Frameworks */,
			);
			sourceTree = "<group>";
		};
		C713A6242740F87800387856 /* Products */ = {
			isa = PBXGroup;
			children = (
				C713A6232740F87800387856 /* RxMemo.app */,
			);
			name = Products;
			sourceTree = "<group>";
		};
		C713A6252740F87800387856 /* RxMemo */ = {
			isa = PBXGroup;
			children = (
				C739B6BE274101DE00989D77 /* Scene */,
				C739B6BC274101CD00989D77 /* Service */,
				C739B6BB274101BC00989D77 /* ViewModel */,
				C739B6BA274101AC00989D77 /* ViewController */,
				C739B6B92741019C00989D77 /* Model */,
				C713A6262740F87800387856 /* AppDelegate.swift */,
				C713A6282740F87800387856 /* SceneDelegate.swift */,
				C713A6322740F88100387856 /* Assets.xcassets */,
				C713A6372740F88100387856 /* Info.plist */,
				C713A62F2740F87800387856 /* RxMemo.xcdatamodeld */,
			);
			path = RxMemo;
			sourceTree = "<group>";
		};
		C739B6B92741019C00989D77 /* Model */ = {
			isa = PBXGroup;
			children = (
				C739B6C227411A0D00989D77 /* Memo.swift */,
			);
			path = Model;
			sourceTree = "<group>";
		};
		C739B6BA274101AC00989D77 /* ViewController */ = {
			isa = PBXGroup;
			children = (
				C713A62C2740F87800387856 /* Main.storyboard */,
				C713A6342740F88100387856 /* LaunchScreen.storyboard */,
			);
			path = ViewController;
			sourceTree = "<group>";
		};
		C739B6BB274101BC00989D77 /* ViewModel */ = {
			isa = PBXGroup;
			children = (
			);
			path = ViewModel;
			sourceTree = "<group>";
		};
		C739B6BC274101CD00989D77 /* Service */ = {
			isa = PBXGroup;
			children = (
			);
			path = Service;
			sourceTree = "<group>";
		};
		C739B6BE274101DE00989D77 /* Scene */ = {
			isa = PBXGroup;
			children = (
			);
			path = Scene;
			sourceTree = "<group>";
		};
/* End PBXGroup section */

/* Begin PBXNativeTarget section */
		C713A6222740F87800387856 /* RxMemo */ = {
			isa = PBXNativeTarget;
			buildConfigurationList = C713A63A2740F88100387856 /* Build configuration list for PBXNativeTarget "RxMemo" */;
			buildPhases = (
				668440AA9CB741022B4B69E1 /* [CP] Check Pods Manifest.lock */,
				C713A61F2740F87800387856 /* Sources */,
				C713A6202740F87800387856 /* Frameworks */,
				C713A6212740F87800387856 /* Resources */,
				077EF21F4F09DDD45CF126B0 /* [CP] Embed Pods Frameworks */,
			);
			buildRules = (
			);
			dependencies = (
			);
			name = RxMemo;
			productName = RxMemo;
			productReference = C713A6232740F87800387856 /* RxMemo.app */;
			productType = "com.apple.product-type.application";
		};
/* End PBXNativeTarget section */

/* Begin PBXProject section */
		C713A61B2740F87800387856 /* Project object */ = {
			isa = PBXProject;
			attributes = {
				LastSwiftUpdateCheck = 1240;
				LastUpgradeCheck = 1240;
				TargetAttributes = {
					C713A6222740F87800387856 = {
						CreatedOnToolsVersion = 12.4;
					};
				};
			};
			buildConfigurationList = C713A61E2740F87800387856 /* Build configuration list for PBXProject "RxMemo" */;
			compatibilityVersion = "Xcode 9.3";
			developmentRegion = en;
			hasScannedForEncodings = 0;
			knownRegions = (
				en,
				Base,
			);
			mainGroup = C713A61A2740F87800387856;
			productRefGroup = C713A6242740F87800387856 /* Products */;
			projectDirPath = "";
			projectRoot = "";
			targets = (
				C713A6222740F87800387856 /* RxMemo */,
			);
		};
/* End PBXProject section */

/* Begin PBXResourcesBuildPhase section */
		C713A6212740F87800387856 /* Resources */ = {
			isa = PBXResourcesBuildPhase;
			buildActionMask = 2147483647;
			files = (
				C713A6362740F88100387856 /* LaunchScreen.storyboard in Resources */,
				C713A6332740F88100387856 /* Assets.xcassets in Resources */,
				C713A62E2740F87800387856 /* Main.storyboard in Resources */,
			);
			runOnlyForDeploymentPostprocessing = 0;
		};
/* End PBXResourcesBuildPhase section */

/* Begin PBXShellScriptBuildPhase section */
		077EF21F4F09DDD45CF126B0 /* [CP] Embed Pods Frameworks */ = {
			isa = PBXShellScriptBuildPhase;
			buildActionMask = 2147483647;
			files = (
			);
			inputFileListPaths = (
				"${PODS_ROOT}/Target Support Files/Pods-RxMemo/Pods-RxMemo-frameworks-${CONFIGURATION}-input-files.xcfilelist",
			);
			name = "[CP] Embed Pods Frameworks";
			outputFileListPaths = (
				"${PODS_ROOT}/Target Support Files/Pods-RxMemo/Pods-RxMemo-frameworks-${CONFIGURATION}-output-files.xcfilelist",
			);
			runOnlyForDeploymentPostprocessing = 0;
			shellPath = /bin/sh;
			shellScript = "\"${PODS_ROOT}/Target Support Files/Pods-RxMemo/Pods-RxMemo-frameworks.sh\"\n";
			showEnvVarsInLog = 0;
		};
		668440AA9CB741022B4B69E1 /* [CP] Check Pods Manifest.lock */ = {
			isa = PBXShellScriptBuildPhase;
			buildActionMask = 2147483647;
			files = (
			);
			inputFileListPaths = (
			);
			inputPaths = (
				"${PODS_PODFILE_DIR_PATH}/Podfile.lock",
				"${PODS_ROOT}/Manifest.lock",
			);
			name = "[CP] Check Pods Manifest.lock";
			outputFileListPaths = (
			);
			outputPaths = (
				"$(DERIVED_FILE_DIR)/Pods-RxMemo-checkManifestLockResult.txt",
			);
			runOnlyForDeploymentPostprocessing = 0;
			shellPath = /bin/sh;
			shellScript = "diff \"${PODS_PODFILE_DIR_PATH}/Podfile.lock\" \"${PODS_ROOT}/Manifest.lock\" > /dev/null\nif [ $? != 0 ] ; then\n    # print error to STDERR\n    echo \"error: The sandbox is not in sync with the Podfile.lock. Run 'pod install' or update your CocoaPods installation.\" >&2\n    exit 1\nfi\n# This output is used by Xcode 'outputs' to avoid re-running this script phase.\necho \"SUCCESS\" > \"${SCRIPT_OUTPUT_FILE_0}\"\n";
			showEnvVarsInLog = 0;
		};
/* End PBXShellScriptBuildPhase section */

/* Begin PBXSourcesBuildPhase section */
		C713A61F2740F87800387856 /* Sources */ = {
			isa = PBXSourcesBuildPhase;
			buildActionMask = 2147483647;
			files = (
				C713A6272740F87800387856 /* AppDelegate.swift in Sources */,
				C713A6292740F87800387856 /* SceneDelegate.swift in Sources */,
				C713A6312740F87800387856 /* RxMemo.xcdatamodeld in Sources */,
				C739B6C327411A0D00989D77 /* Memo.swift in Sources */,
			);
			runOnlyForDeploymentPostprocessing = 0;
		};
/* End PBXSourcesBuildPhase section */

/* Begin PBXVariantGroup section */
		C713A62C2740F87800387856 /* Main.storyboard */ = {
			isa = PBXVariantGroup;
			children = (
				C713A62D2740F87800387856 /* Base */,
			);
			name = Main.storyboard;
			sourceTree = "<group>";
		};
		C713A6342740F88100387856 /* LaunchScreen.storyboard */ = {
			isa = PBXVariantGroup;
			children = (
				C713A6352740F88100387856 /* Base */,
			);
			name = LaunchScreen.storyboard;
			sourceTree = "<group>";
		};
/* End PBXVariantGroup section */

/* Begin XCBuildConfiguration section */
		C713A6382740F88100387856 /* Debug */ = {
			isa = XCBuildConfiguration;
			buildSettings = {
				ALWAYS_SEARCH_USER_PATHS = NO;
				CLANG_ANALYZER_NONNULL = YES;
				CLANG_ANALYZER_NUMBER_OBJECT_CONVERSION = YES_AGGRESSIVE;
				CLANG_CXX_LANGUAGE_STANDARD = "gnu++14";
				CLANG_CXX_LIBRARY = "libc++";
				CLANG_ENABLE_MODULES = YES;
				CLANG_ENABLE_OBJC_ARC = YES;
				CLANG_ENABLE_OBJC_WEAK = YES;
				CLANG_WARN_BLOCK_CAPTURE_AUTORELEASING = YES;
				CLANG_WARN_BOOL_CONVERSION = YES;
				CLANG_WARN_COMMA = YES;
				CLANG_WARN_CONSTANT_CONVERSION = YES;
				CLANG_WARN_DEPRECATED_OBJC_IMPLEMENTATIONS = YES;
				CLANG_WARN_DIRECT_OBJC_ISA_USAGE = YES_ERROR;
				CLANG_WARN_DOCUMENTATION_COMMENTS = YES;
				CLANG_WARN_EMPTY_BODY = YES;
				CLANG_WARN_ENUM_CONVERSION = YES;
				CLANG_WARN_INFINITE_RECURSION = YES;
				CLANG_WARN_INT_CONVERSION = YES;
				CLANG_WARN_NON_LITERAL_NULL_CONVERSION = YES;
				CLANG_WARN_OBJC_IMPLICIT_RETAIN_SELF = YES;
				CLANG_WARN_OBJC_LITERAL_CONVERSION = YES;
				CLANG_WARN_OBJC_ROOT_CLASS = YES_ERROR;
				CLANG_WARN_QUOTED_INCLUDE_IN_FRAMEWORK_HEADER = YES;
				CLANG_WARN_RANGE_LOOP_ANALYSIS = YES;
				CLANG_WARN_STRICT_PROTOTYPES = YES;
				CLANG_WARN_SUSPICIOUS_MOVE = YES;
				CLANG_WARN_UNGUARDED_AVAILABILITY = YES_AGGRESSIVE;
				CLANG_WARN_UNREACHABLE_CODE = YES;
				CLANG_WARN__DUPLICATE_METHOD_MATCH = YES;
				COPY_PHASE_STRIP = NO;
				DEBUG_INFORMATION_FORMAT = dwarf;
				ENABLE_STRICT_OBJC_MSGSEND = YES;
				ENABLE_TESTABILITY = YES;
				GCC_C_LANGUAGE_STANDARD = gnu11;
				GCC_DYNAMIC_NO_PIC = NO;
				GCC_NO_COMMON_BLOCKS = YES;
				GCC_OPTIMIZATION_LEVEL = 0;
				GCC_PREPROCESSOR_DEFINITIONS = (
					"DEBUG=1",
					"$(inherited)",
				);
				GCC_WARN_64_TO_32_BIT_CONVERSION = YES;
				GCC_WARN_ABOUT_RETURN_TYPE = YES_ERROR;
				GCC_WARN_UNDECLARED_SELECTOR = YES;
				GCC_WARN_UNINITIALIZED_AUTOS = YES_AGGRESSIVE;
				GCC_WARN_UNUSED_FUNCTION = YES;
				GCC_WARN_UNUSED_VARIABLE = YES;
				IPHONEOS_DEPLOYMENT_TARGET = 10.0;
				MTL_ENABLE_DEBUG_INFO = INCLUDE_SOURCE;
				MTL_FAST_MATH = YES;
				ONLY_ACTIVE_ARCH = YES;
				SDKROOT = iphoneos;
				SWIFT_ACTIVE_COMPILATION_CONDITIONS = DEBUG;
				SWIFT_OPTIMIZATION_LEVEL = "-Onone";
			};
			name = Debug;
		};
		C713A6392740F88100387856 /* Release */ = {
			isa = XCBuildConfiguration;
			buildSettings = {
				ALWAYS_SEARCH_USER_PATHS = NO;
				CLANG_ANALYZER_NONNULL = YES;
				CLANG_ANALYZER_NUMBER_OBJECT_CONVERSION = YES_AGGRESSIVE;
				CLANG_CXX_LANGUAGE_STANDARD = "gnu++14";
				CLANG_CXX_LIBRARY = "libc++";
				CLANG_ENABLE_MODULES = YES;
				CLANG_ENABLE_OBJC_ARC = YES;
				CLANG_ENABLE_OBJC_WEAK = YES;
				CLANG_WARN_BLOCK_CAPTURE_AUTORELEASING = YES;
				CLANG_WARN_BOOL_CONVERSION = YES;
				CLANG_WARN_COMMA = YES;
				CLANG_WARN_CONSTANT_CONVERSION = YES;
				CLANG_WARN_DEPRECATED_OBJC_IMPLEMENTATIONS = YES;
				CLANG_WARN_DIRECT_OBJC_ISA_USAGE = YES_ERROR;
				CLANG_WARN_DOCUMENTATION_COMMENTS = YES;
				CLANG_WARN_EMPTY_BODY = YES;
				CLANG_WARN_ENUM_CONVERSION = YES;
				CLANG_WARN_INFINITE_RECURSION = YES;
				CLANG_WARN_INT_CONVERSION = YES;
				CLANG_WARN_NON_LITERAL_NULL_CONVERSION = YES;
				CLANG_WARN_OBJC_IMPLICIT_RETAIN_SELF = YES;
				CLANG_WARN_OBJC_LITERAL_CONVERSION = YES;
				CLANG_WARN_OBJC_ROOT_CLASS = YES_ERROR;
				CLANG_WARN_QUOTED_INCLUDE_IN_FRAMEWORK_HEADER = YES;
				CLANG_WARN_RANGE_LOOP_ANALYSIS = YES;
				CLANG_WARN_STRICT_PROTOTYPES = YES;
				CLANG_WARN_SUSPICIOUS_MOVE = YES;
				CLANG_WARN_UNGUARDED_AVAILABILITY = YES_AGGRESSIVE;
				CLANG_WARN_UNREACHABLE_CODE = YES;
				CLANG_WARN__DUPLICATE_METHOD_MATCH = YES;
				COPY_PHASE_STRIP = NO;
				DEBUG_INFORMATION_FORMAT = "dwarf-with-dsym";
				ENABLE_NS_ASSERTIONS = NO;
				ENABLE_STRICT_OBJC_MSGSEND = YES;
				GCC_C_LANGUAGE_STANDARD = gnu11;
				GCC_NO_COMMON_BLOCKS = YES;
				GCC_WARN_64_TO_32_BIT_CONVERSION = YES;
				GCC_WARN_ABOUT_RETURN_TYPE = YES_ERROR;
				GCC_WARN_UNDECLARED_SELECTOR = YES;
				GCC_WARN_UNINITIALIZED_AUTOS = YES_AGGRESSIVE;
				GCC_WARN_UNUSED_FUNCTION = YES;
				GCC_WARN_UNUSED_VARIABLE = YES;
				IPHONEOS_DEPLOYMENT_TARGET = 10.0;
				MTL_ENABLE_DEBUG_INFO = NO;
				MTL_FAST_MATH = YES;
				SDKROOT = iphoneos;
				SWIFT_COMPILATION_MODE = wholemodule;
				SWIFT_OPTIMIZATION_LEVEL = "-O";
				VALIDATE_PRODUCT = YES;
			};
			name = Release;
		};
		C713A63B2740F88100387856 /* Debug */ = {
			isa = XCBuildConfiguration;
			baseConfigurationReference = 6197A950EAD2A59127B5A114 /* Pods-RxMemo.debug.xcconfig */;
			buildSettings = {
				ASSETCATALOG_COMPILER_APPICON_NAME = AppIcon;
				ASSETCATALOG_COMPILER_GLOBAL_ACCENT_COLOR_NAME = AccentColor;
				CODE_SIGN_STYLE = Automatic;
				DEVELOPMENT_TEAM = 5WP2UJAGJQ;
				INFOPLIST_FILE = RxMemo/Info.plist;
				LD_RUNPATH_SEARCH_PATHS = (
					"$(inherited)",
					"@executable_path/Frameworks",
				);
				PRODUCT_BUNDLE_IDENTIFIER = com.yourssu.RxMemo;
				PRODUCT_NAME = "$(TARGET_NAME)";
				SWIFT_VERSION = 5.0;
				TARGETED_DEVICE_FAMILY = "1,2";
			};
			name = Debug;
		};
		C713A63C2740F88100387856 /* Release */ = {
			isa = XCBuildConfiguration;
			baseConfigurationReference = C45B44FB06D9C91628CE7BE6 /* Pods-RxMemo.release.xcconfig */;
			buildSettings = {
				ASSETCATALOG_COMPILER_APPICON_NAME = AppIcon;
				ASSETCATALOG_COMPILER_GLOBAL_ACCENT_COLOR_NAME = AccentColor;
				CODE_SIGN_STYLE = Automatic;
				DEVELOPMENT_TEAM = 5WP2UJAGJQ;
				INFOPLIST_FILE = RxMemo/Info.plist;
				LD_RUNPATH_SEARCH_PATHS = (
					"$(inherited)",
					"@executable_path/Frameworks",
				);
				PRODUCT_BUNDLE_IDENTIFIER = com.yourssu.RxMemo;
				PRODUCT_NAME = "$(TARGET_NAME)";
				SWIFT_VERSION = 5.0;
				TARGETED_DEVICE_FAMILY = "1,2";
			};
			name = Release;
		};
/* End XCBuildConfiguration section */

/* Begin XCConfigurationList section */
		C713A61E2740F87800387856 /* Build configuration list for PBXProject "RxMemo" */ = {
			isa = XCConfigurationList;
			buildConfigurations = (
				C713A6382740F88100387856 /* Debug */,
				C713A6392740F88100387856 /* Release */,
			);
			defaultConfigurationIsVisible = 0;
			defaultConfigurationName = Release;
		};
		C713A63A2740F88100387856 /* Build configuration list for PBXNativeTarget "RxMemo" */ = {
			isa = XCConfigurationList;
			buildConfigurations = (
				C713A63B2740F88100387856 /* Debug */,
				C713A63C2740F88100387856 /* Release */,
			);
			defaultConfigurationIsVisible = 0;
			defaultConfigurationName = Release;
		};
/* End XCConfigurationList section */

/* Begin XCVersionGroup section */
		C713A62F2740F87800387856 /* RxMemo.xcdatamodeld */ = {
			isa = XCVersionGroup;
			children = (
				C713A6302740F87800387856 /* RxMemo.xcdatamodel */,
			);
			currentVersion = C713A6302740F87800387856 /* RxMemo.xcdatamodel */;
			path = RxMemo.xcdatamodeld;
			sourceTree = "<group>";
			versionGroupType = wrapper.xcdatamodel;
		};
/* End XCVersionGroup section */
	};
	rootObject = C713A61B2740F87800387856 /* Project object */;
}
